// !$*UTF8*$!
{
	archiveVersion = 1;
	classes = {
	};
	objectVersion = 50;
	objects = {

/* Begin PBXBuildFile section */
		7D861A4D2431CF7700C24BD0 /* AppDelegate.swift in Sources */ = {isa = PBXBuildFile; fileRef = 7D861A4C2431CF7700C24BD0 /* AppDelegate.swift */; };
		7D861A4F2431CF7700C24BD0 /* SceneDelegate.swift in Sources */ = {isa = PBXBuildFile; fileRef = 7D861A4E2431CF7700C24BD0 /* SceneDelegate.swift */; };
		7D861A512431CF7700C24BD0 /* ViewController.swift in Sources */ = {isa = PBXBuildFile; fileRef = 7D861A502431CF7700C24BD0 /* ViewController.swift */; };
		7D861A542431CF7700C24BD0 /* Main.storyboard in Resources */ = {isa = PBXBuildFile; fileRef = 7D861A522431CF7700C24BD0 /* Main.storyboard */; };
		7D861A562431CF7900C24BD0 /* Assets.xcassets in Resources */ = {isa = PBXBuildFile; fileRef = 7D861A552431CF7900C24BD0 /* Assets.xcassets */; };
		7D861A592431CF7900C24BD0 /* LaunchScreen.storyboard in Resources */ = {isa = PBXBuildFile; fileRef = 7D861A572431CF7900C24BD0 /* LaunchScreen.storyboard */; };
		7D861A612431D20800C24BD0 /* KenteiViewController.swift in Sources */ = {isa = PBXBuildFile; fileRef = 7D861A602431D20800C24BD0 /* KenteiViewController.swift */; };
		7D861A632431D54D00C24BD0 /* ScoreViewController.swift in Sources */ = {isa = PBXBuildFile; fileRef = 7D861A622431D54D00C24BD0 /* ScoreViewController.swift */; };
		7D861A6B24320C3900C24BD0 /* start.csv in Resources */ = {isa = PBXBuildFile; fileRef = 7D861A6A24320C3900C24BD0 /* start.csv */; };
/* End PBXBuildFile section */

/* Begin PBXFileReference section */
		7D861A492431CF7700C24BD0 /* QuizApp.app */ = {isa = PBXFileReference; explicitFileType = wrapper.application; includeInIndex = 0; path = QuizApp.app; sourceTree = BUILT_PRODUCTS_DIR; };
		7D861A4C2431CF7700C24BD0 /* AppDelegate.swift */ = {isa = PBXFileReference; lastKnownFileType = sourcecode.swift; path = AppDelegate.swift; sourceTree = "<group>"; };
		7D861A4E2431CF7700C24BD0 /* SceneDelegate.swift */ = {isa = PBXFileReference; lastKnownFileType = sourcecode.swift; path = SceneDelegate.swift; sourceTree = "<group>"; };
		7D861A502431CF7700C24BD0 /* ViewController.swift */ = {isa = PBXFileReference; lastKnownFileType = sourcecode.swift; path = ViewController.swift; sourceTree = "<group>"; };
		7D861A532431CF7700C24BD0 /* Base */ = {isa = PBXFileReference; lastKnownFileType = file.storyboard; name = Base; path = Base.lproj/Main.storyboard; sourceTree = "<group>"; };
		7D861A552431CF7900C24BD0 /* Assets.xcassets */ = {isa = PBXFileReference; lastKnownFileType = folder.assetcatalog; path = Assets.xcassets; sourceTree = "<group>"; };
		7D861A582431CF7900C24BD0 /* Base */ = {isa = PBXFileReference; lastKnownFileType = file.storyboard; name = Base; path = Base.lproj/LaunchScreen.storyboard; sourceTree = "<group>"; };
		7D861A5A2431CF7900C24BD0 /* Info.plist */ = {isa = PBXFileReference; lastKnownFileType = text.plist.xml; path = Info.plist; sourceTree = "<group>"; };
		7D861A602431D20800C24BD0 /* KenteiViewController.swift */ = {isa = PBXFileReference; lastKnownFileType = sourcecode.swift; path = KenteiViewController.swift; sourceTree = "<group>"; };
		7D861A622431D54D00C24BD0 /* ScoreViewController.swift */ = {isa = PBXFileReference; lastKnownFileType = sourcecode.swift; path = ScoreViewController.swift; sourceTree = "<group>"; };
		7D861A6A24320C3900C24BD0 /* start.csv */ = {isa = PBXFileReference; fileEncoding = 4; lastKnownFileType = text; name = start.csv; path = ../../../../Downloads/start.csv; sourceTree = "<group>"; };
/* End PBXFileReference section */

/* Begin PBXFrameworksBuildPhase section */
		7D861A462431CF7700C24BD0 /* Frameworks */ = {
			isa = PBXFrameworksBuildPhase;
			buildActionMask = 2147483647;
			files = (
			);
			runOnlyForDeploymentPostprocessing = 0;
		};
/* End PBXFrameworksBuildPhase section */

/* Begin PBXGroup section */
		7D861A402431CF7700C24BD0 = {
			isa = PBXGroup;
			children = (
				7D861A4B2431CF7700C24BD0 /* QuizApp */,
				7D861A4A2431CF7700C24BD0 /* Products */,
			);
			sourceTree = "<group>";
		};
		7D861A4A2431CF7700C24BD0 /* Products */ = {
			isa = PBXGroup;
			children = (
				7D861A492431CF7700C24BD0 /* QuizApp.app */,
			);
			name = Products;
			sourceTree = "<group>";
		};
		7D861A4B2431CF7700C24BD0 /* QuizApp */ = {
			isa = PBXGroup;
			children = (
				7D861A4C2431CF7700C24BD0 /* AppDelegate.swift */,
				7D861A4E2431CF7700C24BD0 /* SceneDelegate.swift */,
				7D861A502431CF7700C24BD0 /* ViewController.swift */,
				7D861A522431CF7700C24BD0 /* Main.storyboard */,
				7D861A622431D54D00C24BD0 /* ScoreViewController.swift */,
				7D861A602431D20800C24BD0 /* KenteiViewController.swift */,
				7D861A6924320BC800C24BD0 /* csv */,
				7D861A552431CF7900C24BD0 /* Assets.xcassets */,
				7D861A572431CF7900C24BD0 /* LaunchScreen.storyboard */,
				7D861A5A2431CF7900C24BD0 /* Info.plist */,
			);
			path = QuizApp;
			sourceTree = "<group>";
		};
		7D861A6924320BC800C24BD0 /* csv */ = {
			isa = PBXGroup;
			children = (
				7D861A6A24320C3900C24BD0 /* start.csv */,
			);
			path = csv;
			sourceTree = "<group>";
		};
/* End PBXGroup section */

/* Begin PBXNativeTarget section */
		7D861A482431CF7700C24BD0 /* QuizApp */ = {
			isa = PBXNativeTarget;
			buildConfigurationList = 7D861A5D2431CF7900C24BD0 /* Build configuration list for PBXNativeTarget "QuizApp" */;
			buildPhases = (
				7D861A452431CF7700C24BD0 /* Sources */,
				7D861A462431CF7700C24BD0 /* Frameworks */,
				7D861A472431CF7700C24BD0 /* Resources */,
			);
			buildRules = (
			);
			dependencies = (
			);
			name = QuizApp;
			productName = QuizApp;
			productReference = 7D861A492431CF7700C24BD0 /* QuizApp.app */;
			productType = "com.apple.product-type.application";
		};
/* End PBXNativeTarget section */

/* Begin PBXProject section */
		7D861A412431CF7700C24BD0 /* Project object */ = {
			isa = PBXProject;
			attributes = {
				LastSwiftUpdateCheck = 1140;
				LastUpgradeCheck = 1140;
				ORGANIZATIONNAME = "Kazutomo Kita";
				TargetAttributes = {
					7D861A482431CF7700C24BD0 = {
						CreatedOnToolsVersion = 11.4;
					};
				};
			};
			buildConfigurationList = 7D861A442431CF7700C24BD0 /* Build configuration list for PBXProject "QuizApp" */;
			compatibilityVersion = "Xcode 9.3";
			developmentRegion = en;
			hasScannedForEncodings = 0;
			knownRegions = (
				en,
				Base,
			);
			mainGroup = 7D861A402431CF7700C24BD0;
			productRefGroup = 7D861A4A2431CF7700C24BD0 /* Products */;
			projectDirPath = "";
			projectRoot = "";
			targets = (
				7D861A482431CF7700C24BD0 /* QuizApp */,
			);
		};
/* End PBXProject section */

/* Begin PBXResourcesBuildPhase section */
		7D861A472431CF7700C24BD0 /* Resources */ = {
			isa = PBXResourcesBuildPhase;
			buildActionMask = 2147483647;
			files = (
				7D861A6B24320C3900C24BD0 /* start.csv in Resources */,
				7D861A592431CF7900C24BD0 /* LaunchScreen.storyboard in Resources */,
				7D861A562431CF7900C24BD0 /* Assets.xcassets in Resources */,
				7D861A542431CF7700C24BD0 /* Main.storyboard in Resources */,
			);
			runOnlyForDeploymentPostprocessing = 0;
		};
/* End PBXResourcesBuildPhase section */

/* Begin PBXSourcesBuildPhase section */
		7D861A452431CF7700C24BD0 /* Sources */ = {
			isa = PBXSourcesBuildPhase;
			buildActionMask = 2147483647;
			files = (
				7D861A612431D20800C24BD0 /* KenteiViewController.swift in Sources */,
				7D861A512431CF7700C24BD0 /* ViewController.swift in Sources */,
				7D861A632431D54D00C24BD0 /* ScoreViewController.swift in Sources */,
				7D861A4D2431CF7700C24BD0 /* AppDelegate.swift in Sources */,
				7D861A4F2431CF7700C24BD0 /* SceneDelegate.swift in Sources */,
			);
			runOnlyForDeploymentPostprocessing = 0;
		};
/* End PBXSourcesBuildPhase section */

/* Begin PBXVariantGroup section */
		7D861A522431CF7700C24BD0 /* Main.storyboard */ = {
			isa = PBXVariantGroup;
			children = (
				7D861A532431CF7700C24BD0 /* Base */,
			);
			name = Main.storyboard;
			sourceTree = "<group>";
		};
		7D861A572431CF7900C24BD0 /* LaunchScreen.storyboard */ = {
			isa = PBXVariantGroup;
			children = (
				7D861A582431CF7900C24BD0 /* Base */,
			);
			name = LaunchScreen.storyboard;
			sourceTree = "<group>";
		};
/* End PBXVariantGroup section */

/* Begin XCBuildConfiguration section */
		7D861A5B2431CF7900C24BD0 /* Debug */ = {
			isa = XCBuildConfiguration;
			buildSettings = {
				ALWAYS_SEARCH_USER_PATHS = NO;
				CLANG_ANALYZER_NONNULL = YES;
				CLANG_ANALYZER_NUMBER_OBJECT_CONVERSION = YES_AGGRESSIVE;
				CLANG_CXX_LANGUAGE_STANDARD = "gnu++14";
				CLANG_CXX_LIBRARY = "libc++";
				CLANG_ENABLE_MODULES = YES;
				CLANG_ENABLE_OBJC_ARC = YES;
				CLANG_ENABLE_OBJC_WEAK = YES;
				CLANG_WARN_BLOCK_CAPTURE_AUTORELEASING = YES;
				CLANG_WARN_BOOL_CONVERSION = YES;
				CLANG_WARN_COMMA = YES;
				CLANG_WARN_CONSTANT_CONVERSION = YES;
				CLANG_WARN_DEPRECATED_OBJC_IMPLEMENTATIONS = YES;
				CLANG_WARN_DIRECT_OBJC_ISA_USAGE = YES_ERROR;
				CLANG_WARN_DOCUMENTATION_COMMENTS = YES;
				CLANG_WARN_EMPTY_BODY = YES;
				CLANG_WARN_ENUM_CONVERSION = YES;
				CLANG_WARN_INFINITE_RECURSION = YES;
				CLANG_WARN_INT_CONVERSION = YES;
				CLANG_WARN_NON_LITERAL_NULL_CONVERSION = YES;
				CLANG_WARN_OBJC_IMPLICIT_RETAIN_SELF = YES;
				CLANG_WARN_OBJC_LITERAL_CONVERSION = YES;
				CLANG_WARN_OBJC_ROOT_CLASS = YES_ERROR;
				CLANG_WARN_RANGE_LOOP_ANALYSIS = YES;
				CLANG_WARN_STRICT_PROTOTYPES = YES;
				CLANG_WARN_SUSPICIOUS_MOVE = YES;
				CLANG_WARN_UNGUARDED_AVAILABILITY = YES_AGGRESSIVE;
				CLANG_WARN_UNREACHABLE_CODE = YES;
				CLANG_WARN__DUPLICATE_METHOD_MATCH = YES;
				COPY_PHASE_STRIP = NO;
				DEBUG_INFORMATION_FORMAT = dwarf;
				ENABLE_STRICT_OBJC_MSGSEND = YES;
				ENABLE_TESTABILITY = YES;
				GCC_C_LANGUAGE_STANDARD = gnu11;
				GCC_DYNAMIC_NO_PIC = NO;
				GCC_NO_COMMON_BLOCKS = YES;
				GCC_OPTIMIZATION_LEVEL = 0;
				GCC_PREPROCESSOR_DEFINITIONS = (
					"DEBUG=1",
					"$(inherited)",
				);
				GCC_WARN_64_TO_32_BIT_CONVERSION = YES;
				GCC_WARN_ABOUT_RETURN_TYPE = YES_ERROR;
				GCC_WARN_UNDECLARED_SELECTOR = YES;
				GCC_WARN_UNINITIALIZED_AUTOS = YES_AGGRESSIVE;
				GCC_WARN_UNUSED_FUNCTION = YES;
				GCC_WARN_UNUSED_VARIABLE = YES;
				IPHONEOS_DEPLOYMENT_TARGET = 13.4;
				MTL_ENABLE_DEBUG_INFO = INCLUDE_SOURCE;
				MTL_FAST_MATH = YES;
				ONLY_ACTIVE_ARCH = YES;
				SDKROOT = iphoneos;
				SWIFT_ACTIVE_COMPILATION_CONDITIONS = DEBUG;
				SWIFT_OPTIMIZATION_LEVEL = "-Onone";
			};
			name = Debug;
		};
		7D861A5C2431CF7900C24BD0 /* Release */ = {
			isa = XCBuildConfiguration;
			buildSettings = {
				ALWAYS_SEARCH_USER_PATHS = NO;
				CLANG_ANALYZER_NONNULL = YES;
				CLANG_ANALYZER_NUMBER_OBJECT_CONVERSION = YES_AGGRESSIVE;
				CLANG_CXX_LANGUAGE_STANDARD = "gnu++14";
				CLANG_CXX_LIBRARY = "libc++";
				CLANG_ENABLE_MODULES = YES;
				CLANG_ENABLE_OBJC_ARC = YES;
				CLANG_ENABLE_OBJC_WEAK = YES;
				CLANG_WARN_BLOCK_CAPTURE_AUTORELEASING = YES;
				CLANG_WARN_BOOL_CONVERSION = YES;
				CLANG_WARN_COMMA = YES;
				CLANG_WARN_CONSTANT_CONVERSION = YES;
				CLANG_WARN_DEPRECATED_OBJC_IMPLEMENTATIONS = YES;
				CLANG_WARN_DIRECT_OBJC_ISA_USAGE = YES_ERROR;
				CLANG_WARN_DOCUMENTATION_COMMENTS = YES;
				CLANG_WARN_EMPTY_BODY = YES;
				CLANG_WARN_ENUM_CONVERSION = YES;
				CLANG_WARN_INFINITE_RECURSION = YES;
				CLANG_WARN_INT_CONVERSION = YES;
				CLANG_WARN_NON_LITERAL_NULL_CONVERSION = YES;
				CLANG_WARN_OBJC_IMPLICIT_RETAIN_SELF = YES;
				CLANG_WARN_OBJC_LITERAL_CONVERSION = YES;
				CLANG_WARN_OBJC_ROOT_CLASS = YES_ERROR;
				CLANG_WARN_RANGE_LOOP_ANALYSIS = YES;
				CLANG_WARN_STRICT_PROTOTYPES = YES;
				CLANG_WARN_SUSPICIOUS_MOVE = YES;
				CLANG_WARN_UNGUARDED_AVAILABILITY = YES_AGGRESSIVE;
				CLANG_WARN_UNREACHABLE_CODE = YES;
				CLANG_WARN__DUPLICATE_METHOD_MATCH = YES;
				COPY_PHASE_STRIP = NO;
				DEBUG_INFORMATION_FORMAT = "dwarf-with-dsym";
				ENABLE_NS_ASSERTIONS = NO;
				ENABLE_STRICT_OBJC_MSGSEND = YES;
				GCC_C_LANGUAGE_STANDARD = gnu11;
				GCC_NO_COMMON_BLOCKS = YES;
				GCC_WARN_64_TO_32_BIT_CONVERSION = YES;
				GCC_WARN_ABOUT_RETURN_TYPE = YES_ERROR;
				GCC_WARN_UNDECLARED_SELECTOR = YES;
				GCC_WARN_UNINITIALIZED_AUTOS = YES_AGGRESSIVE;
				GCC_WARN_UNUSED_FUNCTION = YES;
				GCC_WARN_UNUSED_VARIABLE = YES;
				IPHONEOS_DEPLOYMENT_TARGET = 13.4;
				MTL_ENABLE_DEBUG_INFO = NO;
				MTL_FAST_MATH = YES;
				SDKROOT = iphoneos;
				SWIFT_COMPILATION_MODE = wholemodule;
				SWIFT_OPTIMIZATION_LEVEL = "-O";
				VALIDATE_PRODUCT = YES;
			};
			name = Release;
		};
		7D861A5E2431CF7900C24BD0 /* Debug */ = {
			isa = XCBuildConfiguration;
			buildSettings = {
				ASSETCATALOG_COMPILER_APPICON_NAME = AppIcon;
				CODE_SIGN_STYLE = Automatic;
				INFOPLIST_FILE = QuizApp/Info.plist;
				LD_RUNPATH_SEARCH_PATHS = (
					"$(inherited)",
					"@executable_path/Frameworks",
				);
				PRODUCT_BUNDLE_IDENTIFIER = kitak.QuizApp;
				PRODUCT_NAME = "$(TARGET_NAME)";
				SWIFT_VERSION = 5.0;
				TARGETED_DEVICE_FAMILY = "1,2";
			};
			name = Debug;
		};
		7D861A5F2431CF7900C24BD0 /* Release */ = {
			isa = XCBuildConfiguration;
			buildSettings = {
				ASSETCATALOG_COMPILER_APPICON_NAME = AppIcon;
				CODE_SIGN_STYLE = Automatic;
				INFOPLIST_FILE = QuizApp/Info.plist;
				LD_RUNPATH_SEARCH_PATHS = (
					"$(inherited)",
					"@executable_path/Frameworks",
				);
				PRODUCT_BUNDLE_IDENTIFIER = kitak.QuizApp;
				PRODUCT_NAME = "$(TARGET_NAME)";
				SWIFT_VERSION = 5.0;
				TARGETED_DEVICE_FAMILY = "1,2";
			};
			name = Release;
		};
/* End XCBuildConfiguration section */

/* Begin XCConfigurationList section */
		7D861A442431CF7700C24BD0 /* Build configuration list for PBXProject "QuizApp" */ = {
			isa = XCConfigurationList;
			buildConfigurations = (
				7D861A5B2431CF7900C24BD0 /* Debug */,
				7D861A5C2431CF7900C24BD0 /* Release */,
			);
			defaultConfigurationIsVisible = 0;
			defaultConfigurationName = Release;
		};
		7D861A5D2431CF7900C24BD0 /* Build configuration list for PBXNativeTarget "QuizApp" */ = {
			isa = XCConfigurationList;
			buildConfigurations = (
				7D861A5E2431CF7900C24BD0 /* Debug */,
				7D861A5F2431CF7900C24BD0 /* Release */,
			);
			defaultConfigurationIsVisible = 0;
			defaultConfigurationName = Release;
		};
/* End XCConfigurationList section */
	};
	rootObject = 7D861A412431CF7700C24BD0 /* Project object */;
}
